
Microsoft Visual Studio Solution File, Format Version 12.00
# Visual Studio Version 16
VisualStudioVersion = 16.0.31702.278
MinimumVisualStudioVersion = 10.0.40219.1
Project("{FAE04EC0-301F-11D3-BF4B-00C04F79EFBC}") = "ProductLinq", "ProductLinq\ProductLinq.csproj", "{2D189335-85ED-4991-B7DD-3C8CD2B428E6}"
EndProject
Global
	GlobalSection(SolutionConfigurationPlatforms) = preSolution
		Debug|Any CPU = Debug|Any CPU
		Release|Any CPU = Release|Any CPU
	EndGlobalSection
	GlobalSection(ProjectConfigurationPlatforms) = postSolution
		{2D189335-85ED-4991-B7DD-3C8CD2B428E6}.Debug|Any CPU.ActiveCfg = Debug|Any CPU
		{2D189335-85ED-4991-B7DD-3C8CD2B428E6}.Debug|Any CPU.Build.0 = Debug|Any CPU
		{2D189335-85ED-4991-B7DD-3C8CD2B428E6}.Release|Any CPU.ActiveCfg = Release|Any CPU
		{2D189335-85ED-4991-B7DD-3C8CD2B428E6}.Release|Any CPU.Build.0 = Release|Any CPU
	EndGlobalSection
	GlobalSection(SolutionProperties) = preSolution
		HideSolutionNode = FALSE
	EndGlobalSection
	GlobalSection(ExtensibilityGlobals) = postSolution
		SolutionGuid = {61D7B3F0-E833-4334-8ED8-B7D550F48041}
	EndGlobalSection
EndGlobal
